// !$*UTF8*$!
{
	archiveVersion = 1;
	classes = {
	};
	objectVersion = 50;
	objects = {

/* Begin PBXBuildFile section */
		403803DC2553F000009E355E /* AppDelegate.swift in Sources */ = {isa = PBXBuildFile; fileRef = 403803DB2553F000009E355E /* AppDelegate.swift */; };
		403803DE2553F000009E355E /* SceneDelegate.swift in Sources */ = {isa = PBXBuildFile; fileRef = 403803DD2553F000009E355E /* SceneDelegate.swift */; };
		403803E32553F000009E355E /* Main.storyboard in Resources */ = {isa = PBXBuildFile; fileRef = 403803E12553F000009E355E /* Main.storyboard */; };
		403803E52553F005009E355E /* Assets.xcassets in Resources */ = {isa = PBXBuildFile; fileRef = 403803E42553F005009E355E /* Assets.xcassets */; };
		403803E82553F005009E355E /* LaunchScreen.storyboard in Resources */ = {isa = PBXBuildFile; fileRef = 403803E62553F005009E355E /* LaunchScreen.storyboard */; };
		403803F32553F005009E355E /* LootLoggerTests.swift in Sources */ = {isa = PBXBuildFile; fileRef = 403803F22553F005009E355E /* LootLoggerTests.swift */; };
		403803FE2553F005009E355E /* LootLoggerUITests.swift in Sources */ = {isa = PBXBuildFile; fileRef = 403803FD2553F005009E355E /* LootLoggerUITests.swift */; };
		4038040F2553F67A009E355E /* ItemsViewController.swift in Sources */ = {isa = PBXBuildFile; fileRef = 4038040E2553F67A009E355E /* ItemsViewController.swift */; };
		403804172553FB6B009E355E /* Item.swift in Sources */ = {isa = PBXBuildFile; fileRef = 403804162553FB6B009E355E /* Item.swift */; };
		4038041C255408C6009E355E /* ItemStore.swift in Sources */ = {isa = PBXBuildFile; fileRef = 4038041B255408C6009E355E /* ItemStore.swift */; };
		4086E19B256EA3E20023E619 /* ItemCell.swift in Sources */ = {isa = PBXBuildFile; fileRef = 4086E19A256EA3E20023E619 /* ItemCell.swift */; };
/* End PBXBuildFile section */

/* Begin PBXContainerItemProxy section */
		403803EF2553F005009E355E /* PBXContainerItemProxy */ = {
			isa = PBXContainerItemProxy;
			containerPortal = 403803D02553EFFF009E355E /* Project object */;
			proxyType = 1;
			remoteGlobalIDString = 403803D72553F000009E355E;
			remoteInfo = LootLogger;
		};
		403803FA2553F005009E355E /* PBXContainerItemProxy */ = {
			isa = PBXContainerItemProxy;
			containerPortal = 403803D02553EFFF009E355E /* Project object */;
			proxyType = 1;
			remoteGlobalIDString = 403803D72553F000009E355E;
			remoteInfo = LootLogger;
		};
/* End PBXContainerItemProxy section */

/* Begin PBXFileReference section */
		403803D82553F000009E355E /* LootLogger.app */ = {isa = PBXFileReference; explicitFileType = wrapper.application; includeInIndex = 0; path = LootLogger.app; sourceTree = BUILT_PRODUCTS_DIR; };
		403803DB2553F000009E355E /* AppDelegate.swift */ = {isa = PBXFileReference; lastKnownFileType = sourcecode.swift; path = AppDelegate.swift; sourceTree = "<group>"; };
		403803DD2553F000009E355E /* SceneDelegate.swift */ = {isa = PBXFileReference; lastKnownFileType = sourcecode.swift; path = SceneDelegate.swift; sourceTree = "<group>"; };
		403803E22553F000009E355E /* Base */ = {isa = PBXFileReference; lastKnownFileType = file.storyboard; name = Base; path = Base.lproj/Main.storyboard; sourceTree = "<group>"; };
		403803E42553F005009E355E /* Assets.xcassets */ = {isa = PBXFileReference; lastKnownFileType = folder.assetcatalog; path = Assets.xcassets; sourceTree = "<group>"; };
		403803E72553F005009E355E /* Base */ = {isa = PBXFileReference; lastKnownFileType = file.storyboard; name = Base; path = Base.lproj/LaunchScreen.storyboard; sourceTree = "<group>"; };
		403803E92553F005009E355E /* Info.plist */ = {isa = PBXFileReference; lastKnownFileType = text.plist.xml; path = Info.plist; sourceTree = "<group>"; };
		403803EE2553F005009E355E /* LootLoggerTests.xctest */ = {isa = PBXFileReference; explicitFileType = wrapper.cfbundle; includeInIndex = 0; path = LootLoggerTests.xctest; sourceTree = BUILT_PRODUCTS_DIR; };
		403803F22553F005009E355E /* LootLoggerTests.swift */ = {isa = PBXFileReference; lastKnownFileType = sourcecode.swift; path = LootLoggerTests.swift; sourceTree = "<group>"; };
		403803F42553F005009E355E /* Info.plist */ = {isa = PBXFileReference; lastKnownFileType = text.plist.xml; path = Info.plist; sourceTree = "<group>"; };
		403803F92553F005009E355E /* LootLoggerUITests.xctest */ = {isa = PBXFileReference; explicitFileType = wrapper.cfbundle; includeInIndex = 0; path = LootLoggerUITests.xctest; sourceTree = BUILT_PRODUCTS_DIR; };
		403803FD2553F005009E355E /* LootLoggerUITests.swift */ = {isa = PBXFileReference; lastKnownFileType = sourcecode.swift; path = LootLoggerUITests.swift; sourceTree = "<group>"; };
		403803FF2553F005009E355E /* Info.plist */ = {isa = PBXFileReference; lastKnownFileType = text.plist.xml; path = Info.plist; sourceTree = "<group>"; };
		4038040E2553F67A009E355E /* ItemsViewController.swift */ = {isa = PBXFileReference; lastKnownFileType = sourcecode.swift; path = ItemsViewController.swift; sourceTree = "<group>"; };
		403804162553FB6B009E355E /* Item.swift */ = {isa = PBXFileReference; lastKnownFileType = sourcecode.swift; path = Item.swift; sourceTree = "<group>"; };
		4038041B255408C6009E355E /* ItemStore.swift */ = {isa = PBXFileReference; lastKnownFileType = sourcecode.swift; path = ItemStore.swift; sourceTree = "<group>"; };
		4086E19A256EA3E20023E619 /* ItemCell.swift */ = {isa = PBXFileReference; lastKnownFileType = sourcecode.swift; path = ItemCell.swift; sourceTree = "<group>"; };
/* End PBXFileReference section */

/* Begin PBXFrameworksBuildPhase section */
		403803D52553F000009E355E /* Frameworks */ = {
			isa = PBXFrameworksBuildPhase;
			buildActionMask = 2147483647;
			files = (
			);
			runOnlyForDeploymentPostprocessing = 0;
		};
		403803EB2553F005009E355E /* Frameworks */ = {
			isa = PBXFrameworksBuildPhase;
			buildActionMask = 2147483647;
			files = (
			);
			runOnlyForDeploymentPostprocessing = 0;
		};
		403803F62553F005009E355E /* Frameworks */ = {
			isa = PBXFrameworksBuildPhase;
			buildActionMask = 2147483647;
			files = (
			);
			runOnlyForDeploymentPostprocessing = 0;
		};
/* End PBXFrameworksBuildPhase section */

/* Begin PBXGroup section */
		403803CF2553EFFF009E355E = {
			isa = PBXGroup;
			children = (
				403803DA2553F000009E355E /* LootLogger */,
				403803F12553F005009E355E /* LootLoggerTests */,
				403803FC2553F005009E355E /* LootLoggerUITests */,
				403803D92553F000009E355E /* Products */,
			);
			sourceTree = "<group>";
		};
		403803D92553F000009E355E /* Products */ = {
			isa = PBXGroup;
			children = (
				403803D82553F000009E355E /* LootLogger.app */,
				403803EE2553F005009E355E /* LootLoggerTests.xctest */,
				403803F92553F005009E355E /* LootLoggerUITests.xctest */,
			);
			name = Products;
			sourceTree = "<group>";
		};
		403803DA2553F000009E355E /* LootLogger */ = {
			isa = PBXGroup;
			children = (
				403803DB2553F000009E355E /* AppDelegate.swift */,
				403803DD2553F000009E355E /* SceneDelegate.swift */,
				4038040E2553F67A009E355E /* ItemsViewController.swift */,
				403803E12553F000009E355E /* Main.storyboard */,
				403804162553FB6B009E355E /* Item.swift */,
				4038041B255408C6009E355E /* ItemStore.swift */,
				403803E42553F005009E355E /* Assets.xcassets */,
				403803E62553F005009E355E /* LaunchScreen.storyboard */,
				403803E92553F005009E355E /* Info.plist */,
				4086E19A256EA3E20023E619 /* ItemCell.swift */,
			);
			path = LootLogger;
			sourceTree = "<group>";
		};
		403803F12553F005009E355E /* LootLoggerTests */ = {
			isa = PBXGroup;
			children = (
				403803F22553F005009E355E /* LootLoggerTests.swift */,
				403803F42553F005009E355E /* Info.plist */,
			);
			path = LootLoggerTests;
			sourceTree = "<group>";
		};
		403803FC2553F005009E355E /* LootLoggerUITests */ = {
			isa = PBXGroup;
			children = (
				403803FD2553F005009E355E /* LootLoggerUITests.swift */,
				403803FF2553F005009E355E /* Info.plist */,
			);
			path = LootLoggerUITests;
			sourceTree = "<group>";
		};
/* End PBXGroup section */

/* Begin PBXNativeTarget section */
		403803D72553F000009E355E /* LootLogger */ = {
			isa = PBXNativeTarget;
			buildConfigurationList = 403804022553F005009E355E /* Build configuration list for PBXNativeTarget "LootLogger" */;
			buildPhases = (
				403803D42553F000009E355E /* Sources */,
				403803D52553F000009E355E /* Frameworks */,
				403803D62553F000009E355E /* Resources */,
			);
			buildRules = (
			);
			dependencies = (
			);
			name = LootLogger;
			productName = LootLogger;
			productReference = 403803D82553F000009E355E /* LootLogger.app */;
			productType = "com.apple.product-type.application";
		};
		403803ED2553F005009E355E /* LootLoggerTests */ = {
			isa = PBXNativeTarget;
			buildConfigurationList = 403804052553F005009E355E /* Build configuration list for PBXNativeTarget "LootLoggerTests" */;
			buildPhases = (
				403803EA2553F005009E355E /* Sources */,
				403803EB2553F005009E355E /* Frameworks */,
				403803EC2553F005009E355E /* Resources */,
			);
			buildRules = (
			);
			dependencies = (
				403803F02553F005009E355E /* PBXTargetDependency */,
			);
			name = LootLoggerTests;
			productName = LootLoggerTests;
			productReference = 403803EE2553F005009E355E /* LootLoggerTests.xctest */;
			productType = "com.apple.product-type.bundle.unit-test";
		};
		403803F82553F005009E355E /* LootLoggerUITests */ = {
			isa = PBXNativeTarget;
			buildConfigurationList = 403804082553F005009E355E /* Build configuration list for PBXNativeTarget "LootLoggerUITests" */;
			buildPhases = (
				403803F52553F005009E355E /* Sources */,
				403803F62553F005009E355E /* Frameworks */,
				403803F72553F005009E355E /* Resources */,
			);
			buildRules = (
			);
			dependencies = (
				403803FB2553F005009E355E /* PBXTargetDependency */,
			);
			name = LootLoggerUITests;
			productName = LootLoggerUITests;
			productReference = 403803F92553F005009E355E /* LootLoggerUITests.xctest */;
			productType = "com.apple.product-type.bundle.ui-testing";
		};
/* End PBXNativeTarget section */

/* Begin PBXProject section */
		403803D02553EFFF009E355E /* Project object */ = {
			isa = PBXProject;
			attributes = {
				LastSwiftUpdateCheck = 1210;
				LastUpgradeCheck = 1210;
				TargetAttributes = {
					403803D72553F000009E355E = {
						CreatedOnToolsVersion = 12.1;
					};
					403803ED2553F005009E355E = {
						CreatedOnToolsVersion = 12.1;
						TestTargetID = 403803D72553F000009E355E;
					};
					403803F82553F005009E355E = {
						CreatedOnToolsVersion = 12.1;
						TestTargetID = 403803D72553F000009E355E;
					};
				};
			};
			buildConfigurationList = 403803D32553EFFF009E355E /* Build configuration list for PBXProject "LootLogger" */;
			compatibilityVersion = "Xcode 9.3";
			developmentRegion = en;
			hasScannedForEncodings = 0;
			knownRegions = (
				en,
				Base,
			);
			mainGroup = 403803CF2553EFFF009E355E;
			productRefGroup = 403803D92553F000009E355E /* Products */;
			projectDirPath = "";
			projectRoot = "";
			targets = (
				403803D72553F000009E355E /* LootLogger */,
				403803ED2553F005009E355E /* LootLoggerTests */,
				403803F82553F005009E355E /* LootLoggerUITests */,
			);
		};
/* End PBXProject section */

/* Begin PBXResourcesBuildPhase section */
		403803D62553F000009E355E /* Resources */ = {
			isa = PBXResourcesBuildPhase;
			buildActionMask = 2147483647;
			files = (
				403803E82553F005009E355E /* LaunchScreen.storyboard in Resources */,
				403803E52553F005009E355E /* Assets.xcassets in Resources */,
				403803E32553F000009E355E /* Main.storyboard in Resources */,
			);
			runOnlyForDeploymentPostprocessing = 0;
		};
		403803EC2553F005009E355E /* Resources */ = {
			isa = PBXResourcesBuildPhase;
			buildActionMask = 2147483647;
			files = (
			);
			runOnlyForDeploymentPostprocessing = 0;
		};
		403803F72553F005009E355E /* Resources */ = {
			isa = PBXResourcesBuildPhase;
			buildActionMask = 2147483647;
			files = (
			);
			runOnlyForDeploymentPostprocessing = 0;
		};
/* End PBXResourcesBuildPhase section */

/* Begin PBXSourcesBuildPhase section */
		403803D42553F000009E355E /* Sources */ = {
			isa = PBXSourcesBuildPhase;
			buildActionMask = 2147483647;
			files = (
				403804172553FB6B009E355E /* Item.swift in Sources */,
				4038040F2553F67A009E355E /* ItemsViewController.swift in Sources */,
				4086E19B256EA3E20023E619 /* ItemCell.swift in Sources */,
				403803DC2553F000009E355E /* AppDelegate.swift in Sources */,
				4038041C255408C6009E355E /* ItemStore.swift in Sources */,
				403803DE2553F000009E355E /* SceneDelegate.swift in Sources */,
			);
			runOnlyForDeploymentPostprocessing = 0;
		};
		403803EA2553F005009E355E /* Sources */ = {
			isa = PBXSourcesBuildPhase;
			buildActionMask = 2147483647;
			files = (
				403803F32553F005009E355E /* LootLoggerTests.swift in Sources */,
			);
			runOnlyForDeploymentPostprocessing = 0;
		};
		403803F52553F005009E355E /* Sources */ = {
			isa = PBXSourcesBuildPhase;
			buildActionMask = 2147483647;
			files = (
				403803FE2553F005009E355E /* LootLoggerUITests.swift in Sources */,
			);
			runOnlyForDeploymentPostprocessing = 0;
		};
/* End PBXSourcesBuildPhase section */

/* Begin PBXTargetDependency section */
		403803F02553F005009E355E /* PBXTargetDependency */ = {
			isa = PBXTargetDependency;
			target = 403803D72553F000009E355E /* LootLogger */;
			targetProxy = 403803EF2553F005009E355E /* PBXContainerItemProxy */;
		};
		403803FB2553F005009E355E /* PBXTargetDependency */ = {
			isa = PBXTargetDependency;
			target = 403803D72553F000009E355E /* LootLogger */;
			targetProxy = 403803FA2553F005009E355E /* PBXContainerItemProxy */;
		};
/* End PBXTargetDependency section */

/* Begin PBXVariantGroup section */
		403803E12553F000009E355E /* Main.storyboard */ = {
			isa = PBXVariantGroup;
			children = (
				403803E22553F000009E355E /* Base */,
			);
			name = Main.storyboard;
			sourceTree = "<group>";
		};
		403803E62553F005009E355E /* LaunchScreen.storyboard */ = {
			isa = PBXVariantGroup;
			children = (
				403803E72553F005009E355E /* Base */,
			);
			name = LaunchScreen.storyboard;
			sourceTree = "<group>";
		};
/* End PBXVariantGroup section */

/* Begin XCBuildConfiguration section */
		403804002553F005009E355E /* Debug */ = {
			isa = XCBuildConfiguration;
			buildSettings = {
				ALWAYS_SEARCH_USER_PATHS = NO;
				CLANG_ANALYZER_NONNULL = YES;
				CLANG_ANALYZER_NUMBER_OBJECT_CONVERSION = YES_AGGRESSIVE;
				CLANG_CXX_LANGUAGE_STANDARD = "gnu++14";
				CLANG_CXX_LIBRARY = "libc++";
				CLANG_ENABLE_MODULES = YES;
				CLANG_ENABLE_OBJC_ARC = YES;
				CLANG_ENABLE_OBJC_WEAK = YES;
				CLANG_WARN_BLOCK_CAPTURE_AUTORELEASING = YES;
				CLANG_WARN_BOOL_CONVERSION = YES;
				CLANG_WARN_COMMA = YES;
				CLANG_WARN_CONSTANT_CONVERSION = YES;
				CLANG_WARN_DEPRECATED_OBJC_IMPLEMENTATIONS = YES;
				CLANG_WARN_DIRECT_OBJC_ISA_USAGE = YES_ERROR;
				CLANG_WARN_DOCUMENTATION_COMMENTS = YES;
				CLANG_WARN_EMPTY_BODY = YES;
				CLANG_WARN_ENUM_CONVERSION = YES;
				CLANG_WARN_INFINITE_RECURSION = YES;
				CLANG_WARN_INT_CONVERSION = YES;
				CLANG_WARN_NON_LITERAL_NULL_CONVERSION = YES;
				CLANG_WARN_OBJC_IMPLICIT_RETAIN_SELF = YES;
				CLANG_WARN_OBJC_LITERAL_CONVERSION = YES;
				CLANG_WARN_OBJC_ROOT_CLASS = YES_ERROR;
				CLANG_WARN_QUOTED_INCLUDE_IN_FRAMEWORK_HEADER = YES;
				CLANG_WARN_RANGE_LOOP_ANALYSIS = YES;
				CLANG_WARN_STRICT_PROTOTYPES = YES;
				CLANG_WARN_SUSPICIOUS_MOVE = YES;
				CLANG_WARN_UNGUARDED_AVAILABILITY = YES_AGGRESSIVE;
				CLANG_WARN_UNREACHABLE_CODE = YES;
				CLANG_WARN__DUPLICATE_METHOD_MATCH = YES;
				COPY_PHASE_STRIP = NO;
				DEBUG_INFORMATION_FORMAT = dwarf;
				ENABLE_STRICT_OBJC_MSGSEND = YES;
				ENABLE_TESTABILITY = YES;
				GCC_C_LANGUAGE_STANDARD = gnu11;
				GCC_DYNAMIC_NO_PIC = NO;
				GCC_NO_COMMON_BLOCKS = YES;
				GCC_OPTIMIZATION_LEVEL = 0;
				GCC_PREPROCESSOR_DEFINITIONS = (
					"DEBUG=1",
					"$(inherited)",
				);
				GCC_WARN_64_TO_32_BIT_CONVERSION = YES;
				GCC_WARN_ABOUT_RETURN_TYPE = YES_ERROR;
				GCC_WARN_UNDECLARED_SELECTOR = YES;
				GCC_WARN_UNINITIALIZED_AUTOS = YES_AGGRESSIVE;
				GCC_WARN_UNUSED_FUNCTION = YES;
				GCC_WARN_UNUSED_VARIABLE = YES;
				IPHONEOS_DEPLOYMENT_TARGET = 14.1;
				MTL_ENABLE_DEBUG_INFO = INCLUDE_SOURCE;
				MTL_FAST_MATH = YES;
				ONLY_ACTIVE_ARCH = YES;
				SDKROOT = iphoneos;
				SWIFT_ACTIVE_COMPILATION_CONDITIONS = DEBUG;
				SWIFT_OPTIMIZATION_LEVEL = "-Onone";
			};
			name = Debug;
		};
		403804012553F005009E355E /* Release */ = {
			isa = XCBuildConfiguration;
			buildSettings = {
				ALWAYS_SEARCH_USER_PATHS = NO;
				CLANG_ANALYZER_NONNULL = YES;
				CLANG_ANALYZER_NUMBER_OBJECT_CONVERSION = YES_AGGRESSIVE;
				CLANG_CXX_LANGUAGE_STANDARD = "gnu++14";
				CLANG_CXX_LIBRARY = "libc++";
				CLANG_ENABLE_MODULES = YES;
				CLANG_ENABLE_OBJC_ARC = YES;
				CLANG_ENABLE_OBJC_WEAK = YES;
				CLANG_WARN_BLOCK_CAPTURE_AUTORELEASING = YES;
				CLANG_WARN_BOOL_CONVERSION = YES;
				CLANG_WARN_COMMA = YES;
				CLANG_WARN_CONSTANT_CONVERSION = YES;
				CLANG_WARN_DEPRECATED_OBJC_IMPLEMENTATIONS = YES;
				CLANG_WARN_DIRECT_OBJC_ISA_USAGE = YES_ERROR;
				CLANG_WARN_DOCUMENTATION_COMMENTS = YES;
				CLANG_WARN_EMPTY_BODY = YES;
				CLANG_WARN_ENUM_CONVERSION = YES;
				CLANG_WARN_INFINITE_RECURSION = YES;
				CLANG_WARN_INT_CONVERSION = YES;
				CLANG_WARN_NON_LITERAL_NULL_CONVERSION = YES;
				CLANG_WARN_OBJC_IMPLICIT_RETAIN_SELF = YES;
				CLANG_WARN_OBJC_LITERAL_CONVERSION = YES;
				CLANG_WARN_OBJC_ROOT_CLASS = YES_ERROR;
				CLANG_WARN_QUOTED_INCLUDE_IN_FRAMEWORK_HEADER = YES;
				CLANG_WARN_RANGE_LOOP_ANALYSIS = YES;
				CLANG_WARN_STRICT_PROTOTYPES = YES;
				CLANG_WARN_SUSPICIOUS_MOVE = YES;
				CLANG_WARN_UNGUARDED_AVAILABILITY = YES_AGGRESSIVE;
				CLANG_WARN_UNREACHABLE_CODE = YES;
				CLANG_WARN__DUPLICATE_METHOD_MATCH = YES;
				COPY_PHASE_STRIP = NO;
				DEBUG_INFORMATION_FORMAT = "dwarf-with-dsym";
				ENABLE_NS_ASSERTIONS = NO;
				ENABLE_STRICT_OBJC_MSGSEND = YES;
				GCC_C_LANGUAGE_STANDARD = gnu11;
				GCC_NO_COMMON_BLOCKS = YES;
				GCC_WARN_64_TO_32_BIT_CONVERSION = YES;
				GCC_WARN_ABOUT_RETURN_TYPE = YES_ERROR;
				GCC_WARN_UNDECLARED_SELECTOR = YES;
				GCC_WARN_UNINITIALIZED_AUTOS = YES_AGGRESSIVE;
				GCC_WARN_UNUSED_FUNCTION = YES;
				GCC_WARN_UNUSED_VARIABLE = YES;
				IPHONEOS_DEPLOYMENT_TARGET = 14.1;
				MTL_ENABLE_DEBUG_INFO = NO;
				MTL_FAST_MATH = YES;
				SDKROOT = iphoneos;
				SWIFT_COMPILATION_MODE = wholemodule;
				SWIFT_OPTIMIZATION_LEVEL = "-O";
				VALIDATE_PRODUCT = YES;
			};
			name = Release;
		};
		403804032553F005009E355E /* Debug */ = {
			isa = XCBuildConfiguration;
			buildSettings = {
				ASSETCATALOG_COMPILER_APPICON_NAME = AppIcon;
				ASSETCATALOG_COMPILER_GLOBAL_ACCENT_COLOR_NAME = AccentColor;
				CODE_SIGN_STYLE = Automatic;
				INFOPLIST_FILE = LootLogger/Info.plist;
				LD_RUNPATH_SEARCH_PATHS = (
					"$(inherited)",
					"@executable_path/Frameworks",
				);
				PRODUCT_BUNDLE_IDENTIFIER = com.bignerdranch.LootLogger;
				PRODUCT_NAME = "$(TARGET_NAME)";
				SWIFT_VERSION = 5.0;
				TARGETED_DEVICE_FAMILY = "1,2";
			};
			name = Debug;
		};
		403804042553F005009E355E /* Release */ = {
			isa = XCBuildConfiguration;
			buildSettings = {
				ASSETCATALOG_COMPILER_APPICON_NAME = AppIcon;
				ASSETCATALOG_COMPILER_GLOBAL_ACCENT_COLOR_NAME = AccentColor;
				CODE_SIGN_STYLE = Automatic;
				INFOPLIST_FILE = LootLogger/Info.plist;
				LD_RUNPATH_SEARCH_PATHS = (
					"$(inherited)",
					"@executable_path/Frameworks",
				);
				PRODUCT_BUNDLE_IDENTIFIER = com.bignerdranch.LootLogger;
				PRODUCT_NAME = "$(TARGET_NAME)";
				SWIFT_VERSION = 5.0;
				TARGETED_DEVICE_FAMILY = "1,2";
			};
			name = Release;
		};
		403804062553F005009E355E /* Debug */ = {
			isa = XCBuildConfiguration;
			buildSettings = {
				ALWAYS_EMBED_SWIFT_STANDARD_LIBRARIES = YES;
				BUNDLE_LOADER = "$(TEST_HOST)";
				CODE_SIGN_STYLE = Automatic;
				INFOPLIST_FILE = LootLoggerTests/Info.plist;
				IPHONEOS_DEPLOYMENT_TARGET = 14.1;
				LD_RUNPATH_SEARCH_PATHS = (
					"$(inherited)",
					"@executable_path/Frameworks",
					"@loader_path/Frameworks",
				);
				PRODUCT_BUNDLE_IDENTIFIER = com.bignerdranch.LootLoggerTests;
				PRODUCT_NAME = "$(TARGET_NAME)";
				SWIFT_VERSION = 5.0;
				TARGETED_DEVICE_FAMILY = "1,2";
				TEST_HOST = "$(BUILT_PRODUCTS_DIR)/LootLogger.app/LootLogger";
			};
			name = Debug;
		};
		403804072553F005009E355E /* Release */ = {
			isa = XCBuildConfiguration;
			buildSettings = {
				ALWAYS_EMBED_SWIFT_STANDARD_LIBRARIES = YES;
				BUNDLE_LOADER = "$(TEST_HOST)";
				CODE_SIGN_STYLE = Automatic;
				INFOPLIST_FILE = LootLoggerTests/Info.plist;
				IPHONEOS_DEPLOYMENT_TARGET = 14.1;
				LD_RUNPATH_SEARCH_PATHS = (
					"$(inherited)",
					"@executable_path/Frameworks",
					"@loader_path/Frameworks",
				);
				PRODUCT_BUNDLE_IDENTIFIER = com.bignerdranch.LootLoggerTests;
				PRODUCT_NAME = "$(TARGET_NAME)";
				SWIFT_VERSION = 5.0;
				TARGETED_DEVICE_FAMILY = "1,2";
				TEST_HOST = "$(BUILT_PRODUCTS_DIR)/LootLogger.app/LootLogger";
			};
			name = Release;
		};
		403804092553F005009E355E /* Debug */ = {
			isa = XCBuildConfiguration;
			buildSettings = {
				ALWAYS_EMBED_SWIFT_STANDARD_LIBRARIES = YES;
				CODE_SIGN_STYLE = Automatic;
				INFOPLIST_FILE = LootLoggerUITests/Info.plist;
				LD_RUNPATH_SEARCH_PATHS = (
					"$(inherited)",
					"@executable_path/Frameworks",
					"@loader_path/Frameworks",
				);
				PRODUCT_BUNDLE_IDENTIFIER = com.bignerdranch.LootLoggerUITests;
				PRODUCT_NAME = "$(TARGET_NAME)";
				SWIFT_VERSION = 5.0;
				TARGETED_DEVICE_FAMILY = "1,2";
				TEST_TARGET_NAME = LootLogger;
			};
			name = Debug;
		};
		4038040A2553F005009E355E /* Release */ = {
			isa = XCBuildConfiguration;
			buildSettings = {
				ALWAYS_EMBED_SWIFT_STANDARD_LIBRARIES = YES;
				CODE_SIGN_STYLE = Automatic;
				INFOPLIST_FILE = LootLoggerUITests/Info.plist;
				LD_RUNPATH_SEARCH_PATHS = (
					"$(inherited)",
					"@executable_path/Frameworks",
					"@loader_path/Frameworks",
				);
				PRODUCT_BUNDLE_IDENTIFIER = com.bignerdranch.LootLoggerUITests;
				PRODUCT_NAME = "$(TARGET_NAME)";
				SWIFT_VERSION = 5.0;
				TARGETED_DEVICE_FAMILY = "1,2";
				TEST_TARGET_NAME = LootLogger;
			};
			name = Release;
		};
/* End XCBuildConfiguration section */

/* Begin XCConfigurationList section */
		403803D32553EFFF009E355E /* Build configuration list for PBXProject "LootLogger" */ = {
			isa = XCConfigurationList;
			buildConfigurations = (
				403804002553F005009E355E /* Debug */,
				403804012553F005009E355E /* Release */,
			);
			defaultConfigurationIsVisible = 0;
			defaultConfigurationName = Release;
		};
		403804022553F005009E355E /* Build configuration list for PBXNativeTarget "LootLogger" */ = {
			isa = XCConfigurationList;
			buildConfigurations = (
				403804032553F005009E355E /* Debug */,
				403804042553F005009E355E /* Release */,
			);
			defaultConfigurationIsVisible = 0;
			defaultConfigurationName = Release;
		};
		403804052553F005009E355E /* Build configuration list for PBXNativeTarget "LootLoggerTests" */ = {
			isa = XCConfigurationList;
			buildConfigurations = (
				403804062553F005009E355E /* Debug */,
				403804072553F005009E355E /* Release */,
			);
			defaultConfigurationIsVisible = 0;
			defaultConfigurationName = Release;
		};
		403804082553F005009E355E /* Build configuration list for PBXNativeTarget "LootLoggerUITests" */ = {
			isa = XCConfigurationList;
			buildConfigurations = (
				403804092553F005009E355E /* Debug */,
				4038040A2553F005009E355E /* Release */,
			);
			defaultConfigurationIsVisible = 0;
			defaultConfigurationName = Release;
		};
/* End XCConfigurationList section */
	};
	rootObject = 403803D02553EFFF009E355E /* Project object */;
}
